
Microsoft Visual Studio Solution File, Format Version 12.00
# Visual Studio Version 16
VisualStudioVersion = 16.0.34031.81
MinimumVisualStudioVersion = 10.0.40219.1
Project("{2150E333-8FDC-42A3-9474-1A3956D46DE8}") = "Task0", "Task0", "{756022EB-7AC7-4389-8AD0-C58740395AAD}"
EndProject
Project("{FAE04EC0-301F-11D3-BF4B-00C04F79EFBC}") = "Tyuiu.KomarovMA.Sprint4.Task0.V8", "Tyuiu.KomarovMA.Sprint4.Task0.V8\Tyuiu.KomarovMA.Sprint4.Task0.V8.csproj", "{4CE48255-9672-49AF-B2D0-04D14F32FCAA}"
EndProject
Project("{FAE04EC0-301F-11D3-BF4B-00C04F79EFBC}") = "Tyuiu.KomarovMA.Sprint4.Task0.V8.Lib", "Tyuiu.KomarovMA.Sprint4.Task0.V8.Lib\Tyuiu.KomarovMA.Sprint4.Task0.V8.Lib.csproj", "{BA202CBC-324B-48A7-8FF3-F613B26E291A}"
EndProject
Project("{FAE04EC0-301F-11D3-BF4B-00C04F79EFBC}") = "Tyuiu.KomarovMA.Sprint4.Task0.V8.Test", "Tyuiu.KomarovMA.Sprint4.Task0.V8.Test\Tyuiu.KomarovMA.Sprint4.Task0.V8.Test.csproj", "{467C04A1-BBF3-4C7E-B887-BEC8FCA22BDA}"
EndProject
Project("{2150E333-8FDC-42A3-9474-1A3956D46DE8}") = "Task1", "Task1", "{DB0F55AF-01F6-483A-A430-B097A0844F50}"
EndProject
Project("{FAE04EC0-301F-11D3-BF4B-00C04F79EFBC}") = "Tyuiu.KomarovMA.Sprint4.Task1.V21", "Tyuiu.KomarovMA.Sprint4.Task1.V21\Tyuiu.KomarovMA.Sprint4.Task1.V21.csproj", "{7EE24B17-4FC7-4E4E-9208-645CD0929A0A}"
EndProject
Project("{FAE04EC0-301F-11D3-BF4B-00C04F79EFBC}") = "Tyuiu.KomarovMA.Sprint4.Task1.V21.Lib", "Tyuiu.KomarovMA.Sprint4.Task1.V21.Lib\Tyuiu.KomarovMA.Sprint4.Task1.V21.Lib.csproj", "{8AE62512-4BD7-430D-8BB9-75E9F1073456}"
EndProject
Project("{FAE04EC0-301F-11D3-BF4B-00C04F79EFBC}") = "Tyuiu.KomarovMA.Sprint4.Task1.V21.Test", "Tyuiu.KomarovMA.Sprint4.Task1.V21.Test\Tyuiu.KomarovMA.Sprint4.Task1.V21.Test.csproj", "{E2DB2F0F-C6F0-41B6-A34E-228626A2AC9C}"
EndProject
Global
	GlobalSection(SolutionConfigurationPlatforms) = preSolution
		Debug|Any CPU = Debug|Any CPU
		Release|Any CPU = Release|Any CPU
	EndGlobalSection
	GlobalSection(ProjectConfigurationPlatforms) = postSolution
		{4CE48255-9672-49AF-B2D0-04D14F32FCAA}.Debug|Any CPU.ActiveCfg = Debug|Any CPU
		{4CE48255-9672-49AF-B2D0-04D14F32FCAA}.Debug|Any CPU.Build.0 = Debug|Any CPU
		{4CE48255-9672-49AF-B2D0-04D14F32FCAA}.Release|Any CPU.ActiveCfg = Release|Any CPU
		{4CE48255-9672-49AF-B2D0-04D14F32FCAA}.Release|Any CPU.Build.0 = Release|Any CPU
		{BA202CBC-324B-48A7-8FF3-F613B26E291A}.Debug|Any CPU.ActiveCfg = Debug|Any CPU
		{BA202CBC-324B-48A7-8FF3-F613B26E291A}.Debug|Any CPU.Build.0 = Debug|Any CPU
		{BA202CBC-324B-48A7-8FF3-F613B26E291A}.Release|Any CPU.ActiveCfg = Release|Any CPU
		{BA202CBC-324B-48A7-8FF3-F613B26E291A}.Release|Any CPU.Build.0 = Release|Any CPU
		{467C04A1-BBF3-4C7E-B887-BEC8FCA22BDA}.Debug|Any CPU.ActiveCfg = Debug|Any CPU
		{467C04A1-BBF3-4C7E-B887-BEC8FCA22BDA}.Debug|Any CPU.Build.0 = Debug|Any CPU
		{467C04A1-BBF3-4C7E-B887-BEC8FCA22BDA}.Release|Any CPU.ActiveCfg = Release|Any CPU
		{467C04A1-BBF3-4C7E-B887-BEC8FCA22BDA}.Release|Any CPU.Build.0 = Release|Any CPU
		{7EE24B17-4FC7-4E4E-9208-645CD0929A0A}.Debug|Any CPU.ActiveCfg = Debug|Any CPU
		{7EE24B17-4FC7-4E4E-9208-645CD0929A0A}.Debug|Any CPU.Build.0 = Debug|Any CPU
		{7EE24B17-4FC7-4E4E-9208-645CD0929A0A}.Release|Any CPU.ActiveCfg = Release|Any CPU
		{7EE24B17-4FC7-4E4E-9208-645CD0929A0A}.Release|Any CPU.Build.0 = Release|Any CPU
		{8AE62512-4BD7-430D-8BB9-75E9F1073456}.Debug|Any CPU.ActiveCfg = Debug|Any CPU
		{8AE62512-4BD7-430D-8BB9-75E9F1073456}.Debug|Any CPU.Build.0 = Debug|Any CPU
		{8AE62512-4BD7-430D-8BB9-75E9F1073456}.Release|Any CPU.ActiveCfg = Release|Any CPU
		{8AE62512-4BD7-430D-8BB9-75E9F1073456}.Release|Any CPU.Build.0 = Release|Any CPU
		{E2DB2F0F-C6F0-41B6-A34E-228626A2AC9C}.Debug|Any CPU.ActiveCfg = Debug|Any CPU
		{E2DB2F0F-C6F0-41B6-A34E-228626A2AC9C}.Debug|Any CPU.Build.0 = Debug|Any CPU
		{E2DB2F0F-C6F0-41B6-A34E-228626A2AC9C}.Release|Any CPU.ActiveCfg = Release|Any CPU
		{E2DB2F0F-C6F0-41B6-A34E-228626A2AC9C}.Release|Any CPU.Build.0 = Release|Any CPU
	EndGlobalSection
	GlobalSection(SolutionProperties) = preSolution
		HideSolutionNode = FALSE
	EndGlobalSection
	GlobalSection(NestedProjects) = preSolution
		{4CE48255-9672-49AF-B2D0-04D14F32FCAA} = {756022EB-7AC7-4389-8AD0-C58740395AAD}
		{BA202CBC-324B-48A7-8FF3-F613B26E291A} = {756022EB-7AC7-4389-8AD0-C58740395AAD}
		{467C04A1-BBF3-4C7E-B887-BEC8FCA22BDA} = {756022EB-7AC7-4389-8AD0-C58740395AAD}
		{7EE24B17-4FC7-4E4E-9208-645CD0929A0A} = {DB0F55AF-01F6-483A-A430-B097A0844F50}
		{8AE62512-4BD7-430D-8BB9-75E9F1073456} = {DB0F55AF-01F6-483A-A430-B097A0844F50}
		{E2DB2F0F-C6F0-41B6-A34E-228626A2AC9C} = {DB0F55AF-01F6-483A-A430-B097A0844F50}
	EndGlobalSection
	GlobalSection(ExtensibilityGlobals) = postSolution
		SolutionGuid = {350BCD83-DFCC-49CE-9757-166CDADF6046}
	EndGlobalSection
EndGlobal
