
Microsoft Visual Studio Solution File, Format Version 12.00
# Visual Studio Version 16
VisualStudioVersion = 16.0.34031.81
MinimumVisualStudioVersion = 10.0.40219.1
Project("{2150E333-8FDC-42A3-9474-1A3956D46DE8}") = "Task0", "Task0", "{756022EB-7AC7-4389-8AD0-C58740395AAD}"
EndProject
Project("{FAE04EC0-301F-11D3-BF4B-00C04F79EFBC}") = "Tyuiu.KomarovMA.Sprint4.Task0.V8", "Tyuiu.KomarovMA.Sprint4.Task0.V8\Tyuiu.KomarovMA.Sprint4.Task0.V8.csproj", "{4CE48255-9672-49AF-B2D0-04D14F32FCAA}"
EndProject
Project("{FAE04EC0-301F-11D3-BF4B-00C04F79EFBC}") = "Tyuiu.KomarovMA.Sprint4.Task0.V8.Lib", "Tyuiu.KomarovMA.Sprint4.Task0.V8.Lib\Tyuiu.KomarovMA.Sprint4.Task0.V8.Lib.csproj", "{BA202CBC-324B-48A7-8FF3-F613B26E291A}"
EndProject
Project("{FAE04EC0-301F-11D3-BF4B-00C04F79EFBC}") = "Tyuiu.KomarovMA.Sprint4.Task0.V8.Test", "Tyuiu.KomarovMA.Sprint4.Task0.V8.Test\Tyuiu.KomarovMA.Sprint4.Task0.V8.Test.csproj", "{467C04A1-BBF3-4C7E-B887-BEC8FCA22BDA}"
EndProject
Global
	GlobalSection(SolutionConfigurationPlatforms) = preSolution
		Debug|Any CPU = Debug|Any CPU
		Release|Any CPU = Release|Any CPU
	EndGlobalSection
	GlobalSection(ProjectConfigurationPlatforms) = postSolution
		{4CE48255-9672-49AF-B2D0-04D14F32FCAA}.Debug|Any CPU.ActiveCfg = Debug|Any CPU
		{4CE48255-9672-49AF-B2D0-04D14F32FCAA}.Debug|Any CPU.Build.0 = Debug|Any CPU
		{4CE48255-9672-49AF-B2D0-04D14F32FCAA}.Release|Any CPU.ActiveCfg = Release|Any CPU
		{4CE48255-9672-49AF-B2D0-04D14F32FCAA}.Release|Any CPU.Build.0 = Release|Any CPU
		{BA202CBC-324B-48A7-8FF3-F613B26E291A}.Debug|Any CPU.ActiveCfg = Debug|Any CPU
		{BA202CBC-324B-48A7-8FF3-F613B26E291A}.Debug|Any CPU.Build.0 = Debug|Any CPU
		{BA202CBC-324B-48A7-8FF3-F613B26E291A}.Release|Any CPU.ActiveCfg = Release|Any CPU
		{BA202CBC-324B-48A7-8FF3-F613B26E291A}.Release|Any CPU.Build.0 = Release|Any CPU
		{467C04A1-BBF3-4C7E-B887-BEC8FCA22BDA}.Debug|Any CPU.ActiveCfg = Debug|Any CPU
		{467C04A1-BBF3-4C7E-B887-BEC8FCA22BDA}.Debug|Any CPU.Build.0 = Debug|Any CPU
		{467C04A1-BBF3-4C7E-B887-BEC8FCA22BDA}.Release|Any CPU.ActiveCfg = Release|Any CPU
		{467C04A1-BBF3-4C7E-B887-BEC8FCA22BDA}.Release|Any CPU.Build.0 = Release|Any CPU
	EndGlobalSection
	GlobalSection(SolutionProperties) = preSolution
		HideSolutionNode = FALSE
	EndGlobalSection
	GlobalSection(NestedProjects) = preSolution
		{4CE48255-9672-49AF-B2D0-04D14F32FCAA} = {756022EB-7AC7-4389-8AD0-C58740395AAD}
		{BA202CBC-324B-48A7-8FF3-F613B26E291A} = {756022EB-7AC7-4389-8AD0-C58740395AAD}
		{467C04A1-BBF3-4C7E-B887-BEC8FCA22BDA} = {756022EB-7AC7-4389-8AD0-C58740395AAD}
	EndGlobalSection
	GlobalSection(ExtensibilityGlobals) = postSolution
		SolutionGuid = {350BCD83-DFCC-49CE-9757-166CDADF6046}
	EndGlobalSection
EndGlobal
