
Microsoft Visual Studio Solution File, Format Version 12.00
# Visual Studio Version 16
VisualStudioVersion = 16.0.34031.81
MinimumVisualStudioVersion = 10.0.40219.1
Project("{2150E333-8FDC-42A3-9474-1A3956D46DE8}") = "Task0", "Task0", "{756022EB-7AC7-4389-8AD0-C58740395AAD}"
EndProject
Project("{FAE04EC0-301F-11D3-BF4B-00C04F79EFBC}") = "Tyuiu.KomarovMA.Sprint4.Task0.V8", "Tyuiu.KomarovMA.Sprint4.Task0.V8\Tyuiu.KomarovMA.Sprint4.Task0.V8.csproj", "{4CE48255-9672-49AF-B2D0-04D14F32FCAA}"
EndProject
Project("{FAE04EC0-301F-11D3-BF4B-00C04F79EFBC}") = "Tyuiu.KomarovMA.Sprint4.Task0.V8.Lib", "Tyuiu.KomarovMA.Sprint4.Task0.V8.Lib\Tyuiu.KomarovMA.Sprint4.Task0.V8.Lib.csproj", "{BA202CBC-324B-48A7-8FF3-F613B26E291A}"
EndProject
Project("{FAE04EC0-301F-11D3-BF4B-00C04F79EFBC}") = "Tyuiu.KomarovMA.Sprint4.Task0.V8.Test", "Tyuiu.KomarovMA.Sprint4.Task0.V8.Test\Tyuiu.KomarovMA.Sprint4.Task0.V8.Test.csproj", "{467C04A1-BBF3-4C7E-B887-BEC8FCA22BDA}"
EndProject
Project("{2150E333-8FDC-42A3-9474-1A3956D46DE8}") = "Task1", "Task1", "{DB0F55AF-01F6-483A-A430-B097A0844F50}"
EndProject
Project("{FAE04EC0-301F-11D3-BF4B-00C04F79EFBC}") = "Tyuiu.KomarovMA.Sprint4.Task1.V21", "Tyuiu.KomarovMA.Sprint4.Task1.V21\Tyuiu.KomarovMA.Sprint4.Task1.V21.csproj", "{7EE24B17-4FC7-4E4E-9208-645CD0929A0A}"
EndProject
Project("{FAE04EC0-301F-11D3-BF4B-00C04F79EFBC}") = "Tyuiu.KomarovMA.Sprint4.Task1.V21.Lib", "Tyuiu.KomarovMA.Sprint4.Task1.V21.Lib\Tyuiu.KomarovMA.Sprint4.Task1.V21.Lib.csproj", "{8AE62512-4BD7-430D-8BB9-75E9F1073456}"
EndProject
Project("{FAE04EC0-301F-11D3-BF4B-00C04F79EFBC}") = "Tyuiu.KomarovMA.Sprint4.Task1.V21.Test", "Tyuiu.KomarovMA.Sprint4.Task1.V21.Test\Tyuiu.KomarovMA.Sprint4.Task1.V21.Test.csproj", "{E2DB2F0F-C6F0-41B6-A34E-228626A2AC9C}"
EndProject
Project("{2150E333-8FDC-42A3-9474-1A3956D46DE8}") = "Task2", "Task2", "{C0478EB6-0F90-46D2-A54C-B8585D790A34}"
EndProject
Project("{FAE04EC0-301F-11D3-BF4B-00C04F79EFBC}") = "Tyuiu.KomarovMA.Sprint4.Task2.V4", "Tyuiu.KomarovMA.Sprint4.Task2.V4\Tyuiu.KomarovMA.Sprint4.Task2.V4.csproj", "{3EC968EE-6FA5-40DB-A9D6-5ECF207EE2C6}"
EndProject
Project("{FAE04EC0-301F-11D3-BF4B-00C04F79EFBC}") = "Tyuiu.KomarovMA.Sprint4.Task2.V4.Lib", "Tyuiu.KomarovMA.Sprint4.Task2.V4.Lib\Tyuiu.KomarovMA.Sprint4.Task2.V4.Lib.csproj", "{B25A563F-CD7A-4927-A9E1-D48F9E4DC32F}"
EndProject
Project("{FAE04EC0-301F-11D3-BF4B-00C04F79EFBC}") = "Tyuiu.KomarovMA.Sprint4.Task2.V4.Test", "Tyuiu.KomarovMA.Sprint4.Task2.V4.Test\Tyuiu.KomarovMA.Sprint4.Task2.V4.Test.csproj", "{54956ABB-1E3A-4DF9-9D75-1AAF92B7E975}"
EndProject
Project("{2150E333-8FDC-42A3-9474-1A3956D46DE8}") = "Task3", "Task3", "{98E46646-2875-4C27-9A4F-0C562C116A95}"
EndProject
Project("{FAE04EC0-301F-11D3-BF4B-00C04F79EFBC}") = "Tyuiu.KomarovMA.Sprint4.Task3.V29", "Tyuiu.KomarovMA.Sprint4.Task3.V29\Tyuiu.KomarovMA.Sprint4.Task3.V29.csproj", "{2081C484-DF03-4155-BEF4-1F87788FC958}"
EndProject
Project("{FAE04EC0-301F-11D3-BF4B-00C04F79EFBC}") = "Tyuiu.KomarovMA.Sprint4.Task3.V29.Lib", "Tyuiu.KomarovMA.Sprint4.Task3.V29.Lib\Tyuiu.KomarovMA.Sprint4.Task3.V29.Lib.csproj", "{9320919F-093C-48C6-9C61-F763D9D6F177}"
EndProject
Project("{FAE04EC0-301F-11D3-BF4B-00C04F79EFBC}") = "Tyuiu.KomarovMA.Sprint4.Task3.V29.Test", "Tyuiu.KomarovMA.Sprint4.Task3.V29.Test\Tyuiu.KomarovMA.Sprint4.Task3.V29.Test.csproj", "{B353B170-4BE4-4293-B90C-1FB34ECA686B}"
EndProject
Project("{2150E333-8FDC-42A3-9474-1A3956D46DE8}") = "Task4", "Task4", "{22C8849F-743C-4298-9D18-3894E4561B0B}"
EndProject
Project("{FAE04EC0-301F-11D3-BF4B-00C04F79EFBC}") = "Tyuiu.KomarovMA.Sprint4.Task4.V10", "Tyuiu.KomarovMA.Sprint4.Task4.V10\Tyuiu.KomarovMA.Sprint4.Task4.V10.csproj", "{8014B2A7-D020-4D15-9237-0C756ECDA3DA}"
EndProject
Project("{FAE04EC0-301F-11D3-BF4B-00C04F79EFBC}") = "Tyuiu.KomarovMA.Sprint4.Task4.V10.Lib", "Tyuiu.KomarovMA.Sprint4.Task4.V10.Lib\Tyuiu.KomarovMA.Sprint4.Task4.V10.Lib.csproj", "{07D6C659-41D2-4CAF-89E1-1131ECB84C87}"
EndProject
Project("{FAE04EC0-301F-11D3-BF4B-00C04F79EFBC}") = "Tyuiu.KomarovMA.Sprint4.Task4.V10.Test", "Tyuiu.KomarovMA.Sprint4.Task4.V10.Test\Tyuiu.KomarovMA.Sprint4.Task4.V10.Test.csproj", "{724BAE6B-3E26-4B0E-8D97-C11D0064DBF4}"
EndProject
Global
	GlobalSection(SolutionConfigurationPlatforms) = preSolution
		Debug|Any CPU = Debug|Any CPU
		Release|Any CPU = Release|Any CPU
	EndGlobalSection
	GlobalSection(ProjectConfigurationPlatforms) = postSolution
		{4CE48255-9672-49AF-B2D0-04D14F32FCAA}.Debug|Any CPU.ActiveCfg = Debug|Any CPU
		{4CE48255-9672-49AF-B2D0-04D14F32FCAA}.Debug|Any CPU.Build.0 = Debug|Any CPU
		{4CE48255-9672-49AF-B2D0-04D14F32FCAA}.Release|Any CPU.ActiveCfg = Release|Any CPU
		{4CE48255-9672-49AF-B2D0-04D14F32FCAA}.Release|Any CPU.Build.0 = Release|Any CPU
		{BA202CBC-324B-48A7-8FF3-F613B26E291A}.Debug|Any CPU.ActiveCfg = Debug|Any CPU
		{BA202CBC-324B-48A7-8FF3-F613B26E291A}.Debug|Any CPU.Build.0 = Debug|Any CPU
		{BA202CBC-324B-48A7-8FF3-F613B26E291A}.Release|Any CPU.ActiveCfg = Release|Any CPU
		{BA202CBC-324B-48A7-8FF3-F613B26E291A}.Release|Any CPU.Build.0 = Release|Any CPU
		{467C04A1-BBF3-4C7E-B887-BEC8FCA22BDA}.Debug|Any CPU.ActiveCfg = Debug|Any CPU
		{467C04A1-BBF3-4C7E-B887-BEC8FCA22BDA}.Debug|Any CPU.Build.0 = Debug|Any CPU
		{467C04A1-BBF3-4C7E-B887-BEC8FCA22BDA}.Release|Any CPU.ActiveCfg = Release|Any CPU
		{467C04A1-BBF3-4C7E-B887-BEC8FCA22BDA}.Release|Any CPU.Build.0 = Release|Any CPU
		{7EE24B17-4FC7-4E4E-9208-645CD0929A0A}.Debug|Any CPU.ActiveCfg = Debug|Any CPU
		{7EE24B17-4FC7-4E4E-9208-645CD0929A0A}.Debug|Any CPU.Build.0 = Debug|Any CPU
		{7EE24B17-4FC7-4E4E-9208-645CD0929A0A}.Release|Any CPU.ActiveCfg = Release|Any CPU
		{7EE24B17-4FC7-4E4E-9208-645CD0929A0A}.Release|Any CPU.Build.0 = Release|Any CPU
		{8AE62512-4BD7-430D-8BB9-75E9F1073456}.Debug|Any CPU.ActiveCfg = Debug|Any CPU
		{8AE62512-4BD7-430D-8BB9-75E9F1073456}.Debug|Any CPU.Build.0 = Debug|Any CPU
		{8AE62512-4BD7-430D-8BB9-75E9F1073456}.Release|Any CPU.ActiveCfg = Release|Any CPU
		{8AE62512-4BD7-430D-8BB9-75E9F1073456}.Release|Any CPU.Build.0 = Release|Any CPU
		{E2DB2F0F-C6F0-41B6-A34E-228626A2AC9C}.Debug|Any CPU.ActiveCfg = Debug|Any CPU
		{E2DB2F0F-C6F0-41B6-A34E-228626A2AC9C}.Debug|Any CPU.Build.0 = Debug|Any CPU
		{E2DB2F0F-C6F0-41B6-A34E-228626A2AC9C}.Release|Any CPU.ActiveCfg = Release|Any CPU
		{E2DB2F0F-C6F0-41B6-A34E-228626A2AC9C}.Release|Any CPU.Build.0 = Release|Any CPU
		{3EC968EE-6FA5-40DB-A9D6-5ECF207EE2C6}.Debug|Any CPU.ActiveCfg = Debug|Any CPU
		{3EC968EE-6FA5-40DB-A9D6-5ECF207EE2C6}.Debug|Any CPU.Build.0 = Debug|Any CPU
		{3EC968EE-6FA5-40DB-A9D6-5ECF207EE2C6}.Release|Any CPU.ActiveCfg = Release|Any CPU
		{3EC968EE-6FA5-40DB-A9D6-5ECF207EE2C6}.Release|Any CPU.Build.0 = Release|Any CPU
		{B25A563F-CD7A-4927-A9E1-D48F9E4DC32F}.Debug|Any CPU.ActiveCfg = Debug|Any CPU
		{B25A563F-CD7A-4927-A9E1-D48F9E4DC32F}.Debug|Any CPU.Build.0 = Debug|Any CPU
		{B25A563F-CD7A-4927-A9E1-D48F9E4DC32F}.Release|Any CPU.ActiveCfg = Release|Any CPU
		{B25A563F-CD7A-4927-A9E1-D48F9E4DC32F}.Release|Any CPU.Build.0 = Release|Any CPU
		{54956ABB-1E3A-4DF9-9D75-1AAF92B7E975}.Debug|Any CPU.ActiveCfg = Debug|Any CPU
		{54956ABB-1E3A-4DF9-9D75-1AAF92B7E975}.Debug|Any CPU.Build.0 = Debug|Any CPU
		{54956ABB-1E3A-4DF9-9D75-1AAF92B7E975}.Release|Any CPU.ActiveCfg = Release|Any CPU
		{54956ABB-1E3A-4DF9-9D75-1AAF92B7E975}.Release|Any CPU.Build.0 = Release|Any CPU
		{2081C484-DF03-4155-BEF4-1F87788FC958}.Debug|Any CPU.ActiveCfg = Debug|Any CPU
		{2081C484-DF03-4155-BEF4-1F87788FC958}.Debug|Any CPU.Build.0 = Debug|Any CPU
		{2081C484-DF03-4155-BEF4-1F87788FC958}.Release|Any CPU.ActiveCfg = Release|Any CPU
		{2081C484-DF03-4155-BEF4-1F87788FC958}.Release|Any CPU.Build.0 = Release|Any CPU
		{9320919F-093C-48C6-9C61-F763D9D6F177}.Debug|Any CPU.ActiveCfg = Debug|Any CPU
		{9320919F-093C-48C6-9C61-F763D9D6F177}.Debug|Any CPU.Build.0 = Debug|Any CPU
		{9320919F-093C-48C6-9C61-F763D9D6F177}.Release|Any CPU.ActiveCfg = Release|Any CPU
		{9320919F-093C-48C6-9C61-F763D9D6F177}.Release|Any CPU.Build.0 = Release|Any CPU
		{B353B170-4BE4-4293-B90C-1FB34ECA686B}.Debug|Any CPU.ActiveCfg = Debug|Any CPU
		{B353B170-4BE4-4293-B90C-1FB34ECA686B}.Debug|Any CPU.Build.0 = Debug|Any CPU
		{B353B170-4BE4-4293-B90C-1FB34ECA686B}.Release|Any CPU.ActiveCfg = Release|Any CPU
		{B353B170-4BE4-4293-B90C-1FB34ECA686B}.Release|Any CPU.Build.0 = Release|Any CPU
		{8014B2A7-D020-4D15-9237-0C756ECDA3DA}.Debug|Any CPU.ActiveCfg = Debug|Any CPU
		{8014B2A7-D020-4D15-9237-0C756ECDA3DA}.Debug|Any CPU.Build.0 = Debug|Any CPU
		{8014B2A7-D020-4D15-9237-0C756ECDA3DA}.Release|Any CPU.ActiveCfg = Release|Any CPU
		{8014B2A7-D020-4D15-9237-0C756ECDA3DA}.Release|Any CPU.Build.0 = Release|Any CPU
		{07D6C659-41D2-4CAF-89E1-1131ECB84C87}.Debug|Any CPU.ActiveCfg = Debug|Any CPU
		{07D6C659-41D2-4CAF-89E1-1131ECB84C87}.Debug|Any CPU.Build.0 = Debug|Any CPU
		{07D6C659-41D2-4CAF-89E1-1131ECB84C87}.Release|Any CPU.ActiveCfg = Release|Any CPU
		{07D6C659-41D2-4CAF-89E1-1131ECB84C87}.Release|Any CPU.Build.0 = Release|Any CPU
		{724BAE6B-3E26-4B0E-8D97-C11D0064DBF4}.Debug|Any CPU.ActiveCfg = Debug|Any CPU
		{724BAE6B-3E26-4B0E-8D97-C11D0064DBF4}.Debug|Any CPU.Build.0 = Debug|Any CPU
		{724BAE6B-3E26-4B0E-8D97-C11D0064DBF4}.Release|Any CPU.ActiveCfg = Release|Any CPU
		{724BAE6B-3E26-4B0E-8D97-C11D0064DBF4}.Release|Any CPU.Build.0 = Release|Any CPU
	EndGlobalSection
	GlobalSection(SolutionProperties) = preSolution
		HideSolutionNode = FALSE
	EndGlobalSection
	GlobalSection(NestedProjects) = preSolution
		{4CE48255-9672-49AF-B2D0-04D14F32FCAA} = {756022EB-7AC7-4389-8AD0-C58740395AAD}
		{BA202CBC-324B-48A7-8FF3-F613B26E291A} = {756022EB-7AC7-4389-8AD0-C58740395AAD}
		{467C04A1-BBF3-4C7E-B887-BEC8FCA22BDA} = {756022EB-7AC7-4389-8AD0-C58740395AAD}
		{7EE24B17-4FC7-4E4E-9208-645CD0929A0A} = {DB0F55AF-01F6-483A-A430-B097A0844F50}
		{8AE62512-4BD7-430D-8BB9-75E9F1073456} = {DB0F55AF-01F6-483A-A430-B097A0844F50}
		{E2DB2F0F-C6F0-41B6-A34E-228626A2AC9C} = {DB0F55AF-01F6-483A-A430-B097A0844F50}
		{3EC968EE-6FA5-40DB-A9D6-5ECF207EE2C6} = {C0478EB6-0F90-46D2-A54C-B8585D790A34}
		{B25A563F-CD7A-4927-A9E1-D48F9E4DC32F} = {C0478EB6-0F90-46D2-A54C-B8585D790A34}
		{54956ABB-1E3A-4DF9-9D75-1AAF92B7E975} = {C0478EB6-0F90-46D2-A54C-B8585D790A34}
		{2081C484-DF03-4155-BEF4-1F87788FC958} = {98E46646-2875-4C27-9A4F-0C562C116A95}
		{9320919F-093C-48C6-9C61-F763D9D6F177} = {98E46646-2875-4C27-9A4F-0C562C116A95}
		{B353B170-4BE4-4293-B90C-1FB34ECA686B} = {98E46646-2875-4C27-9A4F-0C562C116A95}
		{8014B2A7-D020-4D15-9237-0C756ECDA3DA} = {22C8849F-743C-4298-9D18-3894E4561B0B}
		{07D6C659-41D2-4CAF-89E1-1131ECB84C87} = {22C8849F-743C-4298-9D18-3894E4561B0B}
		{724BAE6B-3E26-4B0E-8D97-C11D0064DBF4} = {22C8849F-743C-4298-9D18-3894E4561B0B}
	EndGlobalSection
	GlobalSection(ExtensibilityGlobals) = postSolution
		SolutionGuid = {350BCD83-DFCC-49CE-9757-166CDADF6046}
	EndGlobalSection
EndGlobal
